// !$*UTF8*$!
{
	archiveVersion = 1;
	classes = {
	};
	objectVersion = 55;
	objects = {

/* Begin PBXBuildFile section */
		A31141E226C9EAAD00EBE9FB /* APIClient.swift in Sources */ = {isa = PBXBuildFile; fileRef = A31141E126C9EAAD00EBE9FB /* APIClient.swift */; };
		A31141E426C9EBCB00EBE9FB /* APIEnvironment.swift in Sources */ = {isa = PBXBuildFile; fileRef = A31141E326C9EBCB00EBE9FB /* APIEnvironment.swift */; };
		A3265E0226C9E7B80081BB6D /* PetstagramApp.swift in Sources */ = {isa = PBXBuildFile; fileRef = A3265E0126C9E7B80081BB6D /* PetstagramApp.swift */; };
		A3265E0426C9E7B80081BB6D /* ContentView.swift in Sources */ = {isa = PBXBuildFile; fileRef = A3265E0326C9E7B80081BB6D /* ContentView.swift */; };
		A3265E0626C9E7B90081BB6D /* Assets.xcassets in Resources */ = {isa = PBXBuildFile; fileRef = A3265E0526C9E7B90081BB6D /* Assets.xcassets */; };
		A3265E0926C9E7B90081BB6D /* Preview Assets.xcassets in Resources */ = {isa = PBXBuildFile; fileRef = A3265E0826C9E7B90081BB6D /* Preview Assets.xcassets */; };
		A3265E1326C9E7B90081BB6D /* PetstagramTests.swift in Sources */ = {isa = PBXBuildFile; fileRef = A3265E1226C9E7B90081BB6D /* PetstagramTests.swift */; };
		A3265E1D26C9E7B90081BB6D /* PetstagramUITests.swift in Sources */ = {isa = PBXBuildFile; fileRef = A3265E1C26C9E7B90081BB6D /* PetstagramUITests.swift */; };
		A3265E1F26C9E7B90081BB6D /* PetstagramUITestsLaunchTests.swift in Sources */ = {isa = PBXBuildFile; fileRef = A3265E1E26C9E7B90081BB6D /* PetstagramUITestsLaunchTests.swift */; };
		A3265E2E26C9E7ED0081BB6D /* Post.swift in Sources */ = {isa = PBXBuildFile; fileRef = A3265E2D26C9E7ED0081BB6D /* Post.swift */; };
		A3265E3126C9E8480081BB6D /* APIRequest.swift in Sources */ = {isa = PBXBuildFile; fileRef = A3265E3026C9E8480081BB6D /* APIRequest.swift */; };
		A3265E3326C9E9070081BB6D /* PostRequest.swift in Sources */ = {isa = PBXBuildFile; fileRef = A3265E3226C9E9070081BB6D /* PostRequest.swift */; };
/* End PBXBuildFile section */

/* Begin PBXContainerItemProxy section */
		A3265E0F26C9E7B90081BB6D /* PBXContainerItemProxy */ = {
			isa = PBXContainerItemProxy;
			containerPortal = A3265DF626C9E7B80081BB6D /* Project object */;
			proxyType = 1;
			remoteGlobalIDString = A3265DFD26C9E7B80081BB6D;
			remoteInfo = Petstagram;
		};
		A3265E1926C9E7B90081BB6D /* PBXContainerItemProxy */ = {
			isa = PBXContainerItemProxy;
			containerPortal = A3265DF626C9E7B80081BB6D /* Project object */;
			proxyType = 1;
			remoteGlobalIDString = A3265DFD26C9E7B80081BB6D;
			remoteInfo = Petstagram;
		};
/* End PBXContainerItemProxy section */

/* Begin PBXFileReference section */
		A31141E126C9EAAD00EBE9FB /* APIClient.swift */ = {isa = PBXFileReference; lastKnownFileType = sourcecode.swift; path = APIClient.swift; sourceTree = "<group>"; };
		A31141E326C9EBCB00EBE9FB /* APIEnvironment.swift */ = {isa = PBXFileReference; lastKnownFileType = sourcecode.swift; path = APIEnvironment.swift; sourceTree = "<group>"; };
		A3265DFE26C9E7B80081BB6D /* Petstagram.app */ = {isa = PBXFileReference; explicitFileType = wrapper.application; includeInIndex = 0; path = Petstagram.app; sourceTree = BUILT_PRODUCTS_DIR; };
		A3265E0126C9E7B80081BB6D /* PetstagramApp.swift */ = {isa = PBXFileReference; lastKnownFileType = sourcecode.swift; path = PetstagramApp.swift; sourceTree = "<group>"; };
		A3265E0326C9E7B80081BB6D /* ContentView.swift */ = {isa = PBXFileReference; lastKnownFileType = sourcecode.swift; path = ContentView.swift; sourceTree = "<group>"; };
		A3265E0526C9E7B90081BB6D /* Assets.xcassets */ = {isa = PBXFileReference; lastKnownFileType = folder.assetcatalog; path = Assets.xcassets; sourceTree = "<group>"; };
		A3265E0826C9E7B90081BB6D /* Preview Assets.xcassets */ = {isa = PBXFileReference; lastKnownFileType = folder.assetcatalog; path = "Preview Assets.xcassets"; sourceTree = "<group>"; };
		A3265E0E26C9E7B90081BB6D /* PetstagramTests.xctest */ = {isa = PBXFileReference; explicitFileType = wrapper.cfbundle; includeInIndex = 0; path = PetstagramTests.xctest; sourceTree = BUILT_PRODUCTS_DIR; };
		A3265E1226C9E7B90081BB6D /* PetstagramTests.swift */ = {isa = PBXFileReference; lastKnownFileType = sourcecode.swift; path = PetstagramTests.swift; sourceTree = "<group>"; };
		A3265E1826C9E7B90081BB6D /* PetstagramUITests.xctest */ = {isa = PBXFileReference; explicitFileType = wrapper.cfbundle; includeInIndex = 0; path = PetstagramUITests.xctest; sourceTree = BUILT_PRODUCTS_DIR; };
		A3265E1C26C9E7B90081BB6D /* PetstagramUITests.swift */ = {isa = PBXFileReference; lastKnownFileType = sourcecode.swift; path = PetstagramUITests.swift; sourceTree = "<group>"; };
		A3265E1E26C9E7B90081BB6D /* PetstagramUITestsLaunchTests.swift */ = {isa = PBXFileReference; lastKnownFileType = sourcecode.swift; path = PetstagramUITestsLaunchTests.swift; sourceTree = "<group>"; };
		A3265E2D26C9E7ED0081BB6D /* Post.swift */ = {isa = PBXFileReference; lastKnownFileType = sourcecode.swift; path = Post.swift; sourceTree = "<group>"; };
		A3265E3026C9E8480081BB6D /* APIRequest.swift */ = {isa = PBXFileReference; lastKnownFileType = sourcecode.swift; path = APIRequest.swift; sourceTree = "<group>"; };
		A3265E3226C9E9070081BB6D /* PostRequest.swift */ = {isa = PBXFileReference; lastKnownFileType = sourcecode.swift; path = PostRequest.swift; sourceTree = "<group>"; };
/* End PBXFileReference section */

/* Begin PBXFrameworksBuildPhase section */
		A3265DFB26C9E7B80081BB6D /* Frameworks */ = {
			isa = PBXFrameworksBuildPhase;
			buildActionMask = 2147483647;
			files = (
			);
			runOnlyForDeploymentPostprocessing = 0;
		};
		A3265E0B26C9E7B90081BB6D /* Frameworks */ = {
			isa = PBXFrameworksBuildPhase;
			buildActionMask = 2147483647;
			files = (
			);
			runOnlyForDeploymentPostprocessing = 0;
		};
		A3265E1526C9E7B90081BB6D /* Frameworks */ = {
			isa = PBXFrameworksBuildPhase;
			buildActionMask = 2147483647;
			files = (
			);
			runOnlyForDeploymentPostprocessing = 0;
		};
/* End PBXFrameworksBuildPhase section */

/* Begin PBXGroup section */
		A3265DF526C9E7B80081BB6D = {
			isa = PBXGroup;
			children = (
				A3265E0026C9E7B80081BB6D /* Petstagram */,
				A3265E1126C9E7B90081BB6D /* PetstagramTests */,
				A3265E1B26C9E7B90081BB6D /* PetstagramUITests */,
				A3265DFF26C9E7B80081BB6D /* Products */,
			);
			sourceTree = "<group>";
		};
		A3265DFF26C9E7B80081BB6D /* Products */ = {
			isa = PBXGroup;
			children = (
				A3265DFE26C9E7B80081BB6D /* Petstagram.app */,
				A3265E0E26C9E7B90081BB6D /* PetstagramTests.xctest */,
				A3265E1826C9E7B90081BB6D /* PetstagramUITests.xctest */,
			);
			name = Products;
			sourceTree = "<group>";
		};
		A3265E0026C9E7B80081BB6D /* Petstagram */ = {
			isa = PBXGroup;
			children = (
				A3265E2F26C9E8320081BB6D /* Model */,
				A3265E2C26C9E7E00081BB6D /* Network */,
				A3265E2B26C9E7D00081BB6D /* UI */,
				A3265E0126C9E7B80081BB6D /* PetstagramApp.swift */,
				A3265E0526C9E7B90081BB6D /* Assets.xcassets */,
				A3265E0726C9E7B90081BB6D /* Preview Content */,
			);
			path = Petstagram;
			sourceTree = "<group>";
		};
		A3265E0726C9E7B90081BB6D /* Preview Content */ = {
			isa = PBXGroup;
			children = (
				A3265E0826C9E7B90081BB6D /* Preview Assets.xcassets */,
			);
			path = "Preview Content";
			sourceTree = "<group>";
		};
		A3265E1126C9E7B90081BB6D /* PetstagramTests */ = {
			isa = PBXGroup;
			children = (
				A3265E1226C9E7B90081BB6D /* PetstagramTests.swift */,
			);
			path = PetstagramTests;
			sourceTree = "<group>";
		};
		A3265E1B26C9E7B90081BB6D /* PetstagramUITests */ = {
			isa = PBXGroup;
			children = (
				A3265E1C26C9E7B90081BB6D /* PetstagramUITests.swift */,
				A3265E1E26C9E7B90081BB6D /* PetstagramUITestsLaunchTests.swift */,
			);
			path = PetstagramUITests;
			sourceTree = "<group>";
		};
		A3265E2B26C9E7D00081BB6D /* UI */ = {
			isa = PBXGroup;
			children = (
				A3265E0326C9E7B80081BB6D /* ContentView.swift */,
			);
			path = UI;
			sourceTree = "<group>";
		};
		A3265E2C26C9E7E00081BB6D /* Network */ = {
			isa = PBXGroup;
			children = (
				A3265E3026C9E8480081BB6D /* APIRequest.swift */,
				A3265E3226C9E9070081BB6D /* PostRequest.swift */,
				A31141E126C9EAAD00EBE9FB /* APIClient.swift */,
				A31141E326C9EBCB00EBE9FB /* APIEnvironment.swift */,
			);
			path = Network;
			sourceTree = "<group>";
		};
		A3265E2F26C9E8320081BB6D /* Model */ = {
			isa = PBXGroup;
			children = (
				A3265E2D26C9E7ED0081BB6D /* Post.swift */,
			);
			path = Model;
			sourceTree = "<group>";
		};
/* End PBXGroup section */

/* Begin PBXNativeTarget section */
		A3265DFD26C9E7B80081BB6D /* Petstagram */ = {
			isa = PBXNativeTarget;
			buildConfigurationList = A3265E2226C9E7B90081BB6D /* Build configuration list for PBXNativeTarget "Petstagram" */;
			buildPhases = (
				A3265DFA26C9E7B80081BB6D /* Sources */,
				A3265DFB26C9E7B80081BB6D /* Frameworks */,
				A3265DFC26C9E7B80081BB6D /* Resources */,
			);
			buildRules = (
			);
			dependencies = (
			);
			name = Petstagram;
			productName = Petstagram;
			productReference = A3265DFE26C9E7B80081BB6D /* Petstagram.app */;
			productType = "com.apple.product-type.application";
		};
		A3265E0D26C9E7B90081BB6D /* PetstagramTests */ = {
			isa = PBXNativeTarget;
			buildConfigurationList = A3265E2526C9E7B90081BB6D /* Build configuration list for PBXNativeTarget "PetstagramTests" */;
			buildPhases = (
				A3265E0A26C9E7B90081BB6D /* Sources */,
				A3265E0B26C9E7B90081BB6D /* Frameworks */,
				A3265E0C26C9E7B90081BB6D /* Resources */,
			);
			buildRules = (
			);
			dependencies = (
				A3265E1026C9E7B90081BB6D /* PBXTargetDependency */,
			);
			name = PetstagramTests;
			productName = PetstagramTests;
			productReference = A3265E0E26C9E7B90081BB6D /* PetstagramTests.xctest */;
			productType = "com.apple.product-type.bundle.unit-test";
		};
		A3265E1726C9E7B90081BB6D /* PetstagramUITests */ = {
			isa = PBXNativeTarget;
			buildConfigurationList = A3265E2826C9E7B90081BB6D /* Build configuration list for PBXNativeTarget "PetstagramUITests" */;
			buildPhases = (
				A3265E1426C9E7B90081BB6D /* Sources */,
				A3265E1526C9E7B90081BB6D /* Frameworks */,
				A3265E1626C9E7B90081BB6D /* Resources */,
			);
			buildRules = (
			);
			dependencies = (
				A3265E1A26C9E7B90081BB6D /* PBXTargetDependency */,
			);
			name = PetstagramUITests;
			productName = PetstagramUITests;
			productReference = A3265E1826C9E7B90081BB6D /* PetstagramUITests.xctest */;
			productType = "com.apple.product-type.bundle.ui-testing";
		};
/* End PBXNativeTarget section */

/* Begin PBXProject section */
		A3265DF626C9E7B80081BB6D /* Project object */ = {
			isa = PBXProject;
			attributes = {
				BuildIndependentTargetsInParallel = 1;
				LastSwiftUpdateCheck = 1300;
				LastUpgradeCheck = 1300;
				TargetAttributes = {
					A3265DFD26C9E7B80081BB6D = {
						CreatedOnToolsVersion = 13.0;
					};
					A3265E0D26C9E7B90081BB6D = {
						CreatedOnToolsVersion = 13.0;
						TestTargetID = A3265DFD26C9E7B80081BB6D;
					};
					A3265E1726C9E7B90081BB6D = {
						CreatedOnToolsVersion = 13.0;
						TestTargetID = A3265DFD26C9E7B80081BB6D;
					};
				};
			};
			buildConfigurationList = A3265DF926C9E7B80081BB6D /* Build configuration list for PBXProject "Petstagram" */;
			compatibilityVersion = "Xcode 13.0";
			developmentRegion = en;
			hasScannedForEncodings = 0;
			knownRegions = (
				en,
				Base,
			);
			mainGroup = A3265DF526C9E7B80081BB6D;
			productRefGroup = A3265DFF26C9E7B80081BB6D /* Products */;
			projectDirPath = "";
			projectRoot = "";
			targets = (
				A3265DFD26C9E7B80081BB6D /* Petstagram */,
				A3265E0D26C9E7B90081BB6D /* PetstagramTests */,
				A3265E1726C9E7B90081BB6D /* PetstagramUITests */,
			);
		};
/* End PBXProject section */

/* Begin PBXResourcesBuildPhase section */
		A3265DFC26C9E7B80081BB6D /* Resources */ = {
			isa = PBXResourcesBuildPhase;
			buildActionMask = 2147483647;
			files = (
				A3265E0926C9E7B90081BB6D /* Preview Assets.xcassets in Resources */,
				A3265E0626C9E7B90081BB6D /* Assets.xcassets in Resources */,
			);
			runOnlyForDeploymentPostprocessing = 0;
		};
		A3265E0C26C9E7B90081BB6D /* Resources */ = {
			isa = PBXResourcesBuildPhase;
			buildActionMask = 2147483647;
			files = (
			);
			runOnlyForDeploymentPostprocessing = 0;
		};
		A3265E1626C9E7B90081BB6D /* Resources */ = {
			isa = PBXResourcesBuildPhase;
			buildActionMask = 2147483647;
			files = (
			);
			runOnlyForDeploymentPostprocessing = 0;
		};
/* End PBXResourcesBuildPhase section */

/* Begin PBXSourcesBuildPhase section */
		A3265DFA26C9E7B80081BB6D /* Sources */ = {
			isa = PBXSourcesBuildPhase;
			buildActionMask = 2147483647;
			files = (
				A3265E2E26C9E7ED0081BB6D /* Post.swift in Sources */,
				A3265E0426C9E7B80081BB6D /* ContentView.swift in Sources */,
				A31141E426C9EBCB00EBE9FB /* APIEnvironment.swift in Sources */,
				A3265E3326C9E9070081BB6D /* PostRequest.swift in Sources */,
				A3265E3126C9E8480081BB6D /* APIRequest.swift in Sources */,
				A3265E0226C9E7B80081BB6D /* PetstagramApp.swift in Sources */,
				A31141E226C9EAAD00EBE9FB /* APIClient.swift in Sources */,
			);
			runOnlyForDeploymentPostprocessing = 0;
		};
		A3265E0A26C9E7B90081BB6D /* Sources */ = {
			isa = PBXSourcesBuildPhase;
			buildActionMask = 2147483647;
			files = (
				A3265E1326C9E7B90081BB6D /* PetstagramTests.swift in Sources */,
			);
			runOnlyForDeploymentPostprocessing = 0;
		};
		A3265E1426C9E7B90081BB6D /* Sources */ = {
			isa = PBXSourcesBuildPhase;
			buildActionMask = 2147483647;
			files = (
				A3265E1F26C9E7B90081BB6D /* PetstagramUITestsLaunchTests.swift in Sources */,
				A3265E1D26C9E7B90081BB6D /* PetstagramUITests.swift in Sources */,
			);
			runOnlyForDeploymentPostprocessing = 0;
		};
/* End PBXSourcesBuildPhase section */

/* Begin PBXTargetDependency section */
		A3265E1026C9E7B90081BB6D /* PBXTargetDependency */ = {
			isa = PBXTargetDependency;
			target = A3265DFD26C9E7B80081BB6D /* Petstagram */;
			targetProxy = A3265E0F26C9E7B90081BB6D /* PBXContainerItemProxy */;
		};
		A3265E1A26C9E7B90081BB6D /* PBXTargetDependency */ = {
			isa = PBXTargetDependency;
			target = A3265DFD26C9E7B80081BB6D /* Petstagram */;
			targetProxy = A3265E1926C9E7B90081BB6D /* PBXContainerItemProxy */;
		};
/* End PBXTargetDependency section */

/* Begin XCBuildConfiguration section */
		A3265E2026C9E7B90081BB6D /* Debug */ = {
			isa = XCBuildConfiguration;
			buildSettings = {
				ALWAYS_SEARCH_USER_PATHS = NO;
				CLANG_ANALYZER_NONNULL = YES;
				CLANG_ANALYZER_NUMBER_OBJECT_CONVERSION = YES_AGGRESSIVE;
				CLANG_CXX_LANGUAGE_STANDARD = "gnu++17";
				CLANG_CXX_LIBRARY = "libc++";
				CLANG_ENABLE_MODULES = YES;
				CLANG_ENABLE_OBJC_ARC = YES;
				CLANG_ENABLE_OBJC_WEAK = YES;
				CLANG_WARN_BLOCK_CAPTURE_AUTORELEASING = YES;
				CLANG_WARN_BOOL_CONVERSION = YES;
				CLANG_WARN_COMMA = YES;
				CLANG_WARN_CONSTANT_CONVERSION = YES;
				CLANG_WARN_DEPRECATED_OBJC_IMPLEMENTATIONS = YES;
				CLANG_WARN_DIRECT_OBJC_ISA_USAGE = YES_ERROR;
				CLANG_WARN_DOCUMENTATION_COMMENTS = YES;
				CLANG_WARN_EMPTY_BODY = YES;
				CLANG_WARN_ENUM_CONVERSION = YES;
				CLANG_WARN_INFINITE_RECURSION = YES;
				CLANG_WARN_INT_CONVERSION = YES;
				CLANG_WARN_NON_LITERAL_NULL_CONVERSION = YES;
				CLANG_WARN_OBJC_IMPLICIT_RETAIN_SELF = YES;
				CLANG_WARN_OBJC_LITERAL_CONVERSION = YES;
				CLANG_WARN_OBJC_ROOT_CLASS = YES_ERROR;
				CLANG_WARN_QUOTED_INCLUDE_IN_FRAMEWORK_HEADER = YES;
				CLANG_WARN_RANGE_LOOP_ANALYSIS = YES;
				CLANG_WARN_STRICT_PROTOTYPES = YES;
				CLANG_WARN_SUSPICIOUS_MOVE = YES;
				CLANG_WARN_UNGUARDED_AVAILABILITY = YES_AGGRESSIVE;
				CLANG_WARN_UNREACHABLE_CODE = YES;
				CLANG_WARN__DUPLICATE_METHOD_MATCH = YES;
				COPY_PHASE_STRIP = NO;
				DEBUG_INFORMATION_FORMAT = dwarf;
				ENABLE_STRICT_OBJC_MSGSEND = YES;
				ENABLE_TESTABILITY = YES;
				GCC_C_LANGUAGE_STANDARD = gnu11;
				GCC_DYNAMIC_NO_PIC = NO;
				GCC_NO_COMMON_BLOCKS = YES;
				GCC_OPTIMIZATION_LEVEL = 0;
				GCC_PREPROCESSOR_DEFINITIONS = (
					"DEBUG=1",
					"$(inherited)",
				);
				GCC_WARN_64_TO_32_BIT_CONVERSION = YES;
				GCC_WARN_ABOUT_RETURN_TYPE = YES_ERROR;
				GCC_WARN_UNDECLARED_SELECTOR = YES;
				GCC_WARN_UNINITIALIZED_AUTOS = YES_AGGRESSIVE;
				GCC_WARN_UNUSED_FUNCTION = YES;
				GCC_WARN_UNUSED_VARIABLE = YES;
				IPHONEOS_DEPLOYMENT_TARGET = 15.0;
				MTL_ENABLE_DEBUG_INFO = INCLUDE_SOURCE;
				MTL_FAST_MATH = YES;
				ONLY_ACTIVE_ARCH = YES;
				SDKROOT = iphoneos;
				SWIFT_ACTIVE_COMPILATION_CONDITIONS = DEBUG;
				SWIFT_OPTIMIZATION_LEVEL = "-Onone";
			};
			name = Debug;
		};
		A3265E2126C9E7B90081BB6D /* Release */ = {
			isa = XCBuildConfiguration;
			buildSettings = {
				ALWAYS_SEARCH_USER_PATHS = NO;
				CLANG_ANALYZER_NONNULL = YES;
				CLANG_ANALYZER_NUMBER_OBJECT_CONVERSION = YES_AGGRESSIVE;
				CLANG_CXX_LANGUAGE_STANDARD = "gnu++17";
				CLANG_CXX_LIBRARY = "libc++";
				CLANG_ENABLE_MODULES = YES;
				CLANG_ENABLE_OBJC_ARC = YES;
				CLANG_ENABLE_OBJC_WEAK = YES;
				CLANG_WARN_BLOCK_CAPTURE_AUTORELEASING = YES;
				CLANG_WARN_BOOL_CONVERSION = YES;
				CLANG_WARN_COMMA = YES;
				CLANG_WARN_CONSTANT_CONVERSION = YES;
				CLANG_WARN_DEPRECATED_OBJC_IMPLEMENTATIONS = YES;
				CLANG_WARN_DIRECT_OBJC_ISA_USAGE = YES_ERROR;
				CLANG_WARN_DOCUMENTATION_COMMENTS = YES;
				CLANG_WARN_EMPTY_BODY = YES;
				CLANG_WARN_ENUM_CONVERSION = YES;
				CLANG_WARN_INFINITE_RECURSION = YES;
				CLANG_WARN_INT_CONVERSION = YES;
				CLANG_WARN_NON_LITERAL_NULL_CONVERSION = YES;
				CLANG_WARN_OBJC_IMPLICIT_RETAIN_SELF = YES;
				CLANG_WARN_OBJC_LITERAL_CONVERSION = YES;
				CLANG_WARN_OBJC_ROOT_CLASS = YES_ERROR;
				CLANG_WARN_QUOTED_INCLUDE_IN_FRAMEWORK_HEADER = YES;
				CLANG_WARN_RANGE_LOOP_ANALYSIS = YES;
				CLANG_WARN_STRICT_PROTOTYPES = YES;
				CLANG_WARN_SUSPICIOUS_MOVE = YES;
				CLANG_WARN_UNGUARDED_AVAILABILITY = YES_AGGRESSIVE;
				CLANG_WARN_UNREACHABLE_CODE = YES;
				CLANG_WARN__DUPLICATE_METHOD_MATCH = YES;
				COPY_PHASE_STRIP = NO;
				DEBUG_INFORMATION_FORMAT = "dwarf-with-dsym";
				ENABLE_NS_ASSERTIONS = NO;
				ENABLE_STRICT_OBJC_MSGSEND = YES;
				GCC_C_LANGUAGE_STANDARD = gnu11;
				GCC_NO_COMMON_BLOCKS = YES;
				GCC_WARN_64_TO_32_BIT_CONVERSION = YES;
				GCC_WARN_ABOUT_RETURN_TYPE = YES_ERROR;
				GCC_WARN_UNDECLARED_SELECTOR = YES;
				GCC_WARN_UNINITIALIZED_AUTOS = YES_AGGRESSIVE;
				GCC_WARN_UNUSED_FUNCTION = YES;
				GCC_WARN_UNUSED_VARIABLE = YES;
				IPHONEOS_DEPLOYMENT_TARGET = 15.0;
				MTL_ENABLE_DEBUG_INFO = NO;
				MTL_FAST_MATH = YES;
				SDKROOT = iphoneos;
				SWIFT_COMPILATION_MODE = wholemodule;
				SWIFT_OPTIMIZATION_LEVEL = "-O";
				VALIDATE_PRODUCT = YES;
			};
			name = Release;
		};
		A3265E2326C9E7B90081BB6D /* Debug */ = {
			isa = XCBuildConfiguration;
			buildSettings = {
				ASSETCATALOG_COMPILER_APPICON_NAME = AppIcon;
				ASSETCATALOG_COMPILER_GLOBAL_ACCENT_COLOR_NAME = AccentColor;
				CODE_SIGN_STYLE = Automatic;
				CURRENT_PROJECT_VERSION = 1;
				DEVELOPMENT_ASSET_PATHS = "\"Petstagram/Preview Content\"";
				DEVELOPMENT_TEAM = 7NZG97S8X7;
				ENABLE_PREVIEWS = YES;
				GENERATE_INFOPLIST_FILE = YES;
				INFOPLIST_KEY_UIApplicationSceneManifest_Generation = YES;
				INFOPLIST_KEY_UIApplicationSupportsIndirectInputEvents = YES;
				INFOPLIST_KEY_UILaunchScreen_Generation = YES;
				INFOPLIST_KEY_UISupportedInterfaceOrientations_iPad = "UIInterfaceOrientationPortrait UIInterfaceOrientationPortraitUpsideDown UIInterfaceOrientationLandscapeLeft UIInterfaceOrientationLandscapeRight";
				INFOPLIST_KEY_UISupportedInterfaceOrientations_iPhone = "UIInterfaceOrientationPortrait UIInterfaceOrientationLandscapeLeft UIInterfaceOrientationLandscapeRight";
				IPHONEOS_DEPLOYMENT_TARGET = 14.0;
				LD_RUNPATH_SEARCH_PATHS = (
					"$(inherited)",
					"@executable_path/Frameworks",
				);
				MARKETING_VERSION = 1.0;
				PRODUCT_BUNDLE_IDENTIFIER = com.hqin0066.Petstagram;
				PRODUCT_NAME = "$(TARGET_NAME)";
				SWIFT_EMIT_LOC_STRINGS = YES;
				SWIFT_VERSION = 5.0;
				TARGETED_DEVICE_FAMILY = "1,2";
			};
			name = Debug;
		};
		A3265E2426C9E7B90081BB6D /* Release */ = {
			isa = XCBuildConfiguration;
			buildSettings = {
				ASSETCATALOG_COMPILER_APPICON_NAME = AppIcon;
				ASSETCATALOG_COMPILER_GLOBAL_ACCENT_COLOR_NAME = AccentColor;
				CODE_SIGN_STYLE = Automatic;
				CURRENT_PROJECT_VERSION = 1;
				DEVELOPMENT_ASSET_PATHS = "\"Petstagram/Preview Content\"";
				DEVELOPMENT_TEAM = 7NZG97S8X7;
				ENABLE_PREVIEWS = YES;
				GENERATE_INFOPLIST_FILE = YES;
				INFOPLIST_KEY_UIApplicationSceneManifest_Generation = YES;
				INFOPLIST_KEY_UIApplicationSupportsIndirectInputEvents = YES;
				INFOPLIST_KEY_UILaunchScreen_Generation = YES;
				INFOPLIST_KEY_UISupportedInterfaceOrientations_iPad = "UIInterfaceOrientationPortrait UIInterfaceOrientationPortraitUpsideDown UIInterfaceOrientationLandscapeLeft UIInterfaceOrientationLandscapeRight";
				INFOPLIST_KEY_UISupportedInterfaceOrientations_iPhone = "UIInterfaceOrientationPortrait UIInterfaceOrientationLandscapeLeft UIInterfaceOrientationLandscapeRight";
				IPHONEOS_DEPLOYMENT_TARGET = 14.0;
				LD_RUNPATH_SEARCH_PATHS = (
					"$(inherited)",
					"@executable_path/Frameworks",
				);
				MARKETING_VERSION = 1.0;
				PRODUCT_BUNDLE_IDENTIFIER = com.hqin0066.Petstagram;
				PRODUCT_NAME = "$(TARGET_NAME)";
				SWIFT_EMIT_LOC_STRINGS = YES;
				SWIFT_VERSION = 5.0;
				TARGETED_DEVICE_FAMILY = "1,2";
			};
			name = Release;
		};
		A3265E2626C9E7B90081BB6D /* Debug */ = {
			isa = XCBuildConfiguration;
			buildSettings = {
				ALWAYS_EMBED_SWIFT_STANDARD_LIBRARIES = YES;
				BUNDLE_LOADER = "$(TEST_HOST)";
				CODE_SIGN_STYLE = Automatic;
				CURRENT_PROJECT_VERSION = 1;
				DEVELOPMENT_TEAM = 7NZG97S8X7;
				GENERATE_INFOPLIST_FILE = YES;
				IPHONEOS_DEPLOYMENT_TARGET = 14.0;
				LD_RUNPATH_SEARCH_PATHS = (
					"$(inherited)",
					"@executable_path/Frameworks",
					"@loader_path/Frameworks",
				);
				MARKETING_VERSION = 1.0;
				PRODUCT_BUNDLE_IDENTIFIER = com.hqin0066.PetstagramTests;
				PRODUCT_NAME = "$(TARGET_NAME)";
				SWIFT_EMIT_LOC_STRINGS = NO;
				SWIFT_VERSION = 5.0;
				TARGETED_DEVICE_FAMILY = "1,2";
				TEST_HOST = "$(BUILT_PRODUCTS_DIR)/Petstagram.app/Petstagram";
			};
			name = Debug;
		};
		A3265E2726C9E7B90081BB6D /* Release */ = {
			isa = XCBuildConfiguration;
			buildSettings = {
				ALWAYS_EMBED_SWIFT_STANDARD_LIBRARIES = YES;
				BUNDLE_LOADER = "$(TEST_HOST)";
				CODE_SIGN_STYLE = Automatic;
				CURRENT_PROJECT_VERSION = 1;
				DEVELOPMENT_TEAM = 7NZG97S8X7;
				GENERATE_INFOPLIST_FILE = YES;
				IPHONEOS_DEPLOYMENT_TARGET = 14.0;
				LD_RUNPATH_SEARCH_PATHS = (
					"$(inherited)",
					"@executable_path/Frameworks",
					"@loader_path/Frameworks",
				);
				MARKETING_VERSION = 1.0;
				PRODUCT_BUNDLE_IDENTIFIER = com.hqin0066.PetstagramTests;
				PRODUCT_NAME = "$(TARGET_NAME)";
				SWIFT_EMIT_LOC_STRINGS = NO;
				SWIFT_VERSION = 5.0;
				TARGETED_DEVICE_FAMILY = "1,2";
				TEST_HOST = "$(BUILT_PRODUCTS_DIR)/Petstagram.app/Petstagram";
			};
			name = Release;
		};
		A3265E2926C9E7B90081BB6D /* Debug */ = {
			isa = XCBuildConfiguration;
			buildSettings = {
				ALWAYS_EMBED_SWIFT_STANDARD_LIBRARIES = YES;
				CODE_SIGN_STYLE = Automatic;
				CURRENT_PROJECT_VERSION = 1;
				DEVELOPMENT_TEAM = 7NZG97S8X7;
				GENERATE_INFOPLIST_FILE = YES;
				LD_RUNPATH_SEARCH_PATHS = (
					"$(inherited)",
					"@executable_path/Frameworks",
					"@loader_path/Frameworks",
				);
				MARKETING_VERSION = 1.0;
				PRODUCT_BUNDLE_IDENTIFIER = com.hqin0066.PetstagramUITests;
				PRODUCT_NAME = "$(TARGET_NAME)";
				SWIFT_EMIT_LOC_STRINGS = NO;
				SWIFT_VERSION = 5.0;
				TARGETED_DEVICE_FAMILY = "1,2";
				TEST_TARGET_NAME = Petstagram;
			};
			name = Debug;
		};
		A3265E2A26C9E7B90081BB6D /* Release */ = {
			isa = XCBuildConfiguration;
			buildSettings = {
				ALWAYS_EMBED_SWIFT_STANDARD_LIBRARIES = YES;
				CODE_SIGN_STYLE = Automatic;
				CURRENT_PROJECT_VERSION = 1;
				DEVELOPMENT_TEAM = 7NZG97S8X7;
				GENERATE_INFOPLIST_FILE = YES;
				LD_RUNPATH_SEARCH_PATHS = (
					"$(inherited)",
					"@executable_path/Frameworks",
					"@loader_path/Frameworks",
				);
				MARKETING_VERSION = 1.0;
				PRODUCT_BUNDLE_IDENTIFIER = com.hqin0066.PetstagramUITests;
				PRODUCT_NAME = "$(TARGET_NAME)";
				SWIFT_EMIT_LOC_STRINGS = NO;
				SWIFT_VERSION = 5.0;
				TARGETED_DEVICE_FAMILY = "1,2";
				TEST_TARGET_NAME = Petstagram;
			};
			name = Release;
		};
/* End XCBuildConfiguration section */

/* Begin XCConfigurationList section */
		A3265DF926C9E7B80081BB6D /* Build configuration list for PBXProject "Petstagram" */ = {
			isa = XCConfigurationList;
			buildConfigurations = (
				A3265E2026C9E7B90081BB6D /* Debug */,
				A3265E2126C9E7B90081BB6D /* Release */,
			);
			defaultConfigurationIsVisible = 0;
			defaultConfigurationName = Release;
		};
		A3265E2226C9E7B90081BB6D /* Build configuration list for PBXNativeTarget "Petstagram" */ = {
			isa = XCConfigurationList;
			buildConfigurations = (
				A3265E2326C9E7B90081BB6D /* Debug */,
				A3265E2426C9E7B90081BB6D /* Release */,
			);
			defaultConfigurationIsVisible = 0;
			defaultConfigurationName = Release;
		};
		A3265E2526C9E7B90081BB6D /* Build configuration list for PBXNativeTarget "PetstagramTests" */ = {
			isa = XCConfigurationList;
			buildConfigurations = (
				A3265E2626C9E7B90081BB6D /* Debug */,
				A3265E2726C9E7B90081BB6D /* Release */,
			);
			defaultConfigurationIsVisible = 0;
			defaultConfigurationName = Release;
		};
		A3265E2826C9E7B90081BB6D /* Build configuration list for PBXNativeTarget "PetstagramUITests" */ = {
			isa = XCConfigurationList;
			buildConfigurations = (
				A3265E2926C9E7B90081BB6D /* Debug */,
				A3265E2A26C9E7B90081BB6D /* Release */,
			);
			defaultConfigurationIsVisible = 0;
			defaultConfigurationName = Release;
		};
/* End XCConfigurationList section */
	};
	rootObject = A3265DF626C9E7B80081BB6D /* Project object */;
}
